
Microsoft Visual Studio Solution File, Format Version 12.00
# Visual Studio Version 16
VisualStudioVersion = 16.0.32106.194
MinimumVisualStudioVersion = 10.0.40219.1
Project("{FAE04EC0-301F-11D3-BF4B-00C04F79EFBC}") = "Hello_World", "Hello_World\Hello_World.csproj", "{35414A4F-8D3D-475A-A406-F70E80437F5A}"
EndProject
Global
	GlobalSection(SolutionConfigurationPlatforms) = preSolution
		Debug|Any CPU = Debug|Any CPU
		Release|Any CPU = Release|Any CPU
	EndGlobalSection
	GlobalSection(ProjectConfigurationPlatforms) = postSolution
		{35414A4F-8D3D-475A-A406-F70E80437F5A}.Debug|Any CPU.ActiveCfg = Debug|Any CPU
		{35414A4F-8D3D-475A-A406-F70E80437F5A}.Debug|Any CPU.Build.0 = Debug|Any CPU
		{35414A4F-8D3D-475A-A406-F70E80437F5A}.Release|Any CPU.ActiveCfg = Release|Any CPU
		{35414A4F-8D3D-475A-A406-F70E80437F5A}.Release|Any CPU.Build.0 = Release|Any CPU
	EndGlobalSection
	GlobalSection(SolutionProperties) = preSolution
		HideSolutionNode = FALSE
	EndGlobalSection
	GlobalSection(ExtensibilityGlobals) = postSolution
		SolutionGuid = {1C1176AE-6E9E-4502-9E37-0C6CEB7E6965}
	EndGlobalSection
EndGlobal
